
Microsoft Visual Studio Solution File, Format Version 12.00
# Visual Studio Version 17
VisualStudioVersion = 17.9.34902.65
MinimumVisualStudioVersion = 10.0.40219.1
Project("{FAE04EC0-301F-11D3-BF4B-00C04F79EFBC}") = "StudentsForStudents", "StudentsForStudents\StudentsForStudents.csproj", "{A63EDBE1-D2A6-4564-BE0C-571007A55980}"
EndProject
Global
	GlobalSection(SolutionConfigurationPlatforms) = preSolution
		Debug|Any CPU = Debug|Any CPU
		Release|Any CPU = Release|Any CPU
	EndGlobalSection
	GlobalSection(ProjectConfigurationPlatforms) = postSolution
		{A63EDBE1-D2A6-4564-BE0C-571007A55980}.Debug|Any CPU.ActiveCfg = Debug|Any CPU
		{A63EDBE1-D2A6-4564-BE0C-571007A55980}.Debug|Any CPU.Build.0 = Debug|Any CPU
		{A63EDBE1-D2A6-4564-BE0C-571007A55980}.Release|Any CPU.ActiveCfg = Release|Any CPU
		{A63EDBE1-D2A6-4564-BE0C-571007A55980}.Release|Any CPU.Build.0 = Release|Any CPU
	EndGlobalSection
	GlobalSection(SolutionProperties) = preSolution
		HideSolutionNode = FALSE
	EndGlobalSection
	GlobalSection(ExtensibilityGlobals) = postSolution
		SolutionGuid = {47035779-7442-4C24-9BEB-5DB6278522D8}
	EndGlobalSection
EndGlobal
